
Microsoft Visual Studio Solution File, Format Version 12.00
# Visual Studio Version 17
VisualStudioVersion = 17.9.34728.123
MinimumVisualStudioVersion = 10.0.40219.1
Project("{FAE04EC0-301F-11D3-BF4B-00C04F79EFBC}") = "Ineichen Crawler", "Ineichen Crawler.csproj", "{7634761E-D080-45D6-8220-0FE211978049}"
EndProject
Global
	GlobalSection(SolutionConfigurationPlatforms) = preSolution
		Debug|Any CPU = Debug|Any CPU
		Release|Any CPU = Release|Any CPU
	EndGlobalSection
	GlobalSection(ProjectConfigurationPlatforms) = postSolution
		{7634761E-D080-45D6-8220-0FE211978049}.Debug|Any CPU.ActiveCfg = Debug|Any CPU
		{7634761E-D080-45D6-8220-0FE211978049}.Debug|Any CPU.Build.0 = Debug|Any CPU
		{7634761E-D080-45D6-8220-0FE211978049}.Release|Any CPU.ActiveCfg = Release|Any CPU
		{7634761E-D080-45D6-8220-0FE211978049}.Release|Any CPU.Build.0 = Release|Any CPU
	EndGlobalSection
	GlobalSection(SolutionProperties) = preSolution
		HideSolutionNode = FALSE
	EndGlobalSection
	GlobalSection(ExtensibilityGlobals) = postSolution
		SolutionGuid = {8400D0F8-DB1D-4E42-B8FA-8A517DAC68E7}
	EndGlobalSection
EndGlobal
